
Microsoft Visual Studio Solution File, Format Version 11.00
# Visual Studio 2010
Project("{FAE04EC0-301F-11D3-BF4B-00C04F79EFBC}") = "PSMG17", "Assembly-CSharp.csproj", "{4F9DF933-705D-0BAF-DA9C-E58D4C761336}"
EndProject
Project("{FAE04EC0-301F-11D3-BF4B-00C04F79EFBC}") = "PSMG17", "Assembly-CSharp-Editor.csproj", "{1A0D65C6-A890-BE92-AEC4-90490E276FFE}"
EndProject
Global
	GlobalSection(SolutionConfigurationPlatforms) = preSolution
		Debug|Any CPU = Debug|Any CPU
		Release|Any CPU = Release|Any CPU
	EndGlobalSection
	GlobalSection(ProjectConfigurationPlatforms) = postSolution
		{4F9DF933-705D-0BAF-DA9C-E58D4C761336}.Debug|Any CPU.ActiveCfg = Debug|Any CPU
		{4F9DF933-705D-0BAF-DA9C-E58D4C761336}.Debug|Any CPU.Build.0 = Debug|Any CPU
		{4F9DF933-705D-0BAF-DA9C-E58D4C761336}.Release|Any CPU.ActiveCfg = Release|Any CPU
		{4F9DF933-705D-0BAF-DA9C-E58D4C761336}.Release|Any CPU.Build.0 = Release|Any CPU
		{1A0D65C6-A890-BE92-AEC4-90490E276FFE}.Debug|Any CPU.ActiveCfg = Debug|Any CPU
		{1A0D65C6-A890-BE92-AEC4-90490E276FFE}.Debug|Any CPU.Build.0 = Debug|Any CPU
		{1A0D65C6-A890-BE92-AEC4-90490E276FFE}.Release|Any CPU.ActiveCfg = Release|Any CPU
		{1A0D65C6-A890-BE92-AEC4-90490E276FFE}.Release|Any CPU.Build.0 = Release|Any CPU
	EndGlobalSection
	GlobalSection(SolutionProperties) = preSolution
		HideSolutionNode = FALSE
	EndGlobalSection
	GlobalSection(MonoDevelopProperties) = preSolution
		StartupItem = Assembly-CSharp.csproj
	EndGlobalSection
EndGlobal
